// !$*UTF8*$!
{
	archiveVersion = 1;
	classes = {
	};
	objectVersion = 50;
	objects = {

/* Begin PBXBuildFile section */
		42015247258BDE3300D2CB89 /* AppDelegate.swift in Sources */ = {isa = PBXBuildFile; fileRef = 42015246258BDE3300D2CB89 /* AppDelegate.swift */; };
		42015249258BDE3300D2CB89 /* ViewController.swift in Sources */ = {isa = PBXBuildFile; fileRef = 42015248258BDE3300D2CB89 /* ViewController.swift */; };
		4201524C258BDE3300D2CB89 /* Main.storyboard in Resources */ = {isa = PBXBuildFile; fileRef = 4201524A258BDE3300D2CB89 /* Main.storyboard */; };
		4201524E258BDE3500D2CB89 /* Assets.xcassets in Resources */ = {isa = PBXBuildFile; fileRef = 4201524D258BDE3500D2CB89 /* Assets.xcassets */; };
		42015251258BDE3500D2CB89 /* LaunchScreen.storyboard in Resources */ = {isa = PBXBuildFile; fileRef = 4201524F258BDE3500D2CB89 /* LaunchScreen.storyboard */; };
		42015259258BDEC300D2CB89 /* MenuViewController.swift in Sources */ = {isa = PBXBuildFile; fileRef = 42015258258BDEC300D2CB89 /* MenuViewController.swift */; };
		4259EE8A258CD6B20057E30F /* TransitionsController.swift in Sources */ = {isa = PBXBuildFile; fileRef = 4259EE89258CD6B20057E30F /* TransitionsController.swift */; };
		4259EE8C258CD6E00057E30F /* PresentationController.swift in Sources */ = {isa = PBXBuildFile; fileRef = 4259EE8B258CD6E00057E30F /* PresentationController.swift */; };
		4259EE91258CD74C0057E30F /* TransitioningDelegate.swift in Sources */ = {isa = PBXBuildFile; fileRef = 4259EE90258CD74C0057E30F /* TransitioningDelegate.swift */; };
/* End PBXBuildFile section */

/* Begin PBXFileReference section */
		42015243258BDE3300D2CB89 /* SideBarMenu.app */ = {isa = PBXFileReference; explicitFileType = wrapper.application; includeInIndex = 0; path = SideBarMenu.app; sourceTree = BUILT_PRODUCTS_DIR; };
		42015246258BDE3300D2CB89 /* AppDelegate.swift */ = {isa = PBXFileReference; lastKnownFileType = sourcecode.swift; path = AppDelegate.swift; sourceTree = "<group>"; };
		42015248258BDE3300D2CB89 /* ViewController.swift */ = {isa = PBXFileReference; lastKnownFileType = sourcecode.swift; path = ViewController.swift; sourceTree = "<group>"; };
		4201524B258BDE3300D2CB89 /* Base */ = {isa = PBXFileReference; lastKnownFileType = file.storyboard; name = Base; path = Base.lproj/Main.storyboard; sourceTree = "<group>"; };
		4201524D258BDE3500D2CB89 /* Assets.xcassets */ = {isa = PBXFileReference; lastKnownFileType = folder.assetcatalog; path = Assets.xcassets; sourceTree = "<group>"; };
		42015250258BDE3500D2CB89 /* Base */ = {isa = PBXFileReference; lastKnownFileType = file.storyboard; name = Base; path = Base.lproj/LaunchScreen.storyboard; sourceTree = "<group>"; };
		42015252258BDE3500D2CB89 /* Info.plist */ = {isa = PBXFileReference; lastKnownFileType = text.plist.xml; path = Info.plist; sourceTree = "<group>"; };
		42015258258BDEC300D2CB89 /* MenuViewController.swift */ = {isa = PBXFileReference; lastKnownFileType = sourcecode.swift; path = MenuViewController.swift; sourceTree = "<group>"; };
		4259EE89258CD6B20057E30F /* TransitionsController.swift */ = {isa = PBXFileReference; lastKnownFileType = sourcecode.swift; path = TransitionsController.swift; sourceTree = "<group>"; };
		4259EE8B258CD6E00057E30F /* PresentationController.swift */ = {isa = PBXFileReference; lastKnownFileType = sourcecode.swift; path = PresentationController.swift; sourceTree = "<group>"; };
		4259EE90258CD74C0057E30F /* TransitioningDelegate.swift */ = {isa = PBXFileReference; lastKnownFileType = sourcecode.swift; path = TransitioningDelegate.swift; sourceTree = "<group>"; };
/* End PBXFileReference section */

/* Begin PBXFrameworksBuildPhase section */
		42015240258BDE3300D2CB89 /* Frameworks */ = {
			isa = PBXFrameworksBuildPhase;
			buildActionMask = 2147483647;
			files = (
			);
			runOnlyForDeploymentPostprocessing = 0;
		};
/* End PBXFrameworksBuildPhase section */

/* Begin PBXGroup section */
		4201523A258BDE3300D2CB89 = {
			isa = PBXGroup;
			children = (
				42015245258BDE3300D2CB89 /* SideBarMenu */,
				42015244258BDE3300D2CB89 /* Products */,
			);
			sourceTree = "<group>";
		};
		42015244258BDE3300D2CB89 /* Products */ = {
			isa = PBXGroup;
			children = (
				42015243258BDE3300D2CB89 /* SideBarMenu.app */,
			);
			name = Products;
			sourceTree = "<group>";
		};
		42015245258BDE3300D2CB89 /* SideBarMenu */ = {
			isa = PBXGroup;
			children = (
				4259EE8F258CD7370057E30F /* Protocol */,
				4259EE88258CD67E0057E30F /* Controller */,
				42015246258BDE3300D2CB89 /* AppDelegate.swift */,
				4201524A258BDE3300D2CB89 /* Main.storyboard */,
				4201524D258BDE3500D2CB89 /* Assets.xcassets */,
				4201524F258BDE3500D2CB89 /* LaunchScreen.storyboard */,
				42015252258BDE3500D2CB89 /* Info.plist */,
			);
			path = SideBarMenu;
			sourceTree = "<group>";
		};
		4259EE88258CD67E0057E30F /* Controller */ = {
			isa = PBXGroup;
			children = (
				42015258258BDEC300D2CB89 /* MenuViewController.swift */,
				42015248258BDE3300D2CB89 /* ViewController.swift */,
				4259EE89258CD6B20057E30F /* TransitionsController.swift */,
				4259EE8B258CD6E00057E30F /* PresentationController.swift */,
			);
			path = Controller;
			sourceTree = "<group>";
		};
		4259EE8F258CD7370057E30F /* Protocol */ = {
			isa = PBXGroup;
			children = (
				4259EE90258CD74C0057E30F /* TransitioningDelegate.swift */,
			);
			path = Protocol;
			sourceTree = "<group>";
		};
/* End PBXGroup section */

/* Begin PBXNativeTarget section */
		42015242258BDE3300D2CB89 /* SideBarMenu */ = {
			isa = PBXNativeTarget;
			buildConfigurationList = 42015255258BDE3500D2CB89 /* Build configuration list for PBXNativeTarget "SideBarMenu" */;
			buildPhases = (
				4201523F258BDE3300D2CB89 /* Sources */,
				42015240258BDE3300D2CB89 /* Frameworks */,
				42015241258BDE3300D2CB89 /* Resources */,
			);
			buildRules = (
			);
			dependencies = (
			);
			name = SideBarMenu;
			productName = SideBarMenu;
			productReference = 42015243258BDE3300D2CB89 /* SideBarMenu.app */;
			productType = "com.apple.product-type.application";
		};
/* End PBXNativeTarget section */

/* Begin PBXProject section */
		4201523B258BDE3300D2CB89 /* Project object */ = {
			isa = PBXProject;
			attributes = {
				LastSwiftUpdateCheck = 1020;
				LastUpgradeCheck = 1020;
				ORGANIZATIONNAME = Ary;
				TargetAttributes = {
					42015242258BDE3300D2CB89 = {
						CreatedOnToolsVersion = 10.2.1;
					};
				};
			};
			buildConfigurationList = 4201523E258BDE3300D2CB89 /* Build configuration list for PBXProject "SideBarMenu" */;
			compatibilityVersion = "Xcode 9.3";
			developmentRegion = en;
			hasScannedForEncodings = 0;
			knownRegions = (
				en,
				Base,
			);
			mainGroup = 4201523A258BDE3300D2CB89;
			productRefGroup = 42015244258BDE3300D2CB89 /* Products */;
			projectDirPath = "";
			projectRoot = "";
			targets = (
				42015242258BDE3300D2CB89 /* SideBarMenu */,
			);
		};
/* End PBXProject section */

/* Begin PBXResourcesBuildPhase section */
		42015241258BDE3300D2CB89 /* Resources */ = {
			isa = PBXResourcesBuildPhase;
			buildActionMask = 2147483647;
			files = (
				42015251258BDE3500D2CB89 /* LaunchScreen.storyboard in Resources */,
				4201524E258BDE3500D2CB89 /* Assets.xcassets in Resources */,
				4201524C258BDE3300D2CB89 /* Main.storyboard in Resources */,
			);
			runOnlyForDeploymentPostprocessing = 0;
		};
/* End PBXResourcesBuildPhase section */

/* Begin PBXSourcesBuildPhase section */
		4201523F258BDE3300D2CB89 /* Sources */ = {
			isa = PBXSourcesBuildPhase;
			buildActionMask = 2147483647;
			files = (
				4259EE8A258CD6B20057E30F /* TransitionsController.swift in Sources */,
				42015249258BDE3300D2CB89 /* ViewController.swift in Sources */,
				4259EE91258CD74C0057E30F /* TransitioningDelegate.swift in Sources */,
				42015259258BDEC300D2CB89 /* MenuViewController.swift in Sources */,
				42015247258BDE3300D2CB89 /* AppDelegate.swift in Sources */,
				4259EE8C258CD6E00057E30F /* PresentationController.swift in Sources */,
			);
			runOnlyForDeploymentPostprocessing = 0;
		};
/* End PBXSourcesBuildPhase section */

/* Begin PBXVariantGroup section */
		4201524A258BDE3300D2CB89 /* Main.storyboard */ = {
			isa = PBXVariantGroup;
			children = (
				4201524B258BDE3300D2CB89 /* Base */,
			);
			name = Main.storyboard;
			sourceTree = "<group>";
		};
		4201524F258BDE3500D2CB89 /* LaunchScreen.storyboard */ = {
			isa = PBXVariantGroup;
			children = (
				42015250258BDE3500D2CB89 /* Base */,
			);
			name = LaunchScreen.storyboard;
			sourceTree = "<group>";
		};
/* End PBXVariantGroup section */

/* Begin XCBuildConfiguration section */
		42015253258BDE3500D2CB89 /* Debug */ = {
			isa = XCBuildConfiguration;
			buildSettings = {
				ALWAYS_SEARCH_USER_PATHS = NO;
				CLANG_ANALYZER_NONNULL = YES;
				CLANG_ANALYZER_NUMBER_OBJECT_CONVERSION = YES_AGGRESSIVE;
				CLANG_CXX_LANGUAGE_STANDARD = "gnu++14";
				CLANG_CXX_LIBRARY = "libc++";
				CLANG_ENABLE_MODULES = YES;
				CLANG_ENABLE_OBJC_ARC = YES;
				CLANG_ENABLE_OBJC_WEAK = YES;
				CLANG_WARN_BLOCK_CAPTURE_AUTORELEASING = YES;
				CLANG_WARN_BOOL_CONVERSION = YES;
				CLANG_WARN_COMMA = YES;
				CLANG_WARN_CONSTANT_CONVERSION = YES;
				CLANG_WARN_DEPRECATED_OBJC_IMPLEMENTATIONS = YES;
				CLANG_WARN_DIRECT_OBJC_ISA_USAGE = YES_ERROR;
				CLANG_WARN_DOCUMENTATION_COMMENTS = YES;
				CLANG_WARN_EMPTY_BODY = YES;
				CLANG_WARN_ENUM_CONVERSION = YES;
				CLANG_WARN_INFINITE_RECURSION = YES;
				CLANG_WARN_INT_CONVERSION = YES;
				CLANG_WARN_NON_LITERAL_NULL_CONVERSION = YES;
				CLANG_WARN_OBJC_IMPLICIT_RETAIN_SELF = YES;
				CLANG_WARN_OBJC_LITERAL_CONVERSION = YES;
				CLANG_WARN_OBJC_ROOT_CLASS = YES_ERROR;
				CLANG_WARN_RANGE_LOOP_ANALYSIS = YES;
				CLANG_WARN_STRICT_PROTOTYPES = YES;
				CLANG_WARN_SUSPICIOUS_MOVE = YES;
				CLANG_WARN_UNGUARDED_AVAILABILITY = YES_AGGRESSIVE;
				CLANG_WARN_UNREACHABLE_CODE = YES;
				CLANG_WARN__DUPLICATE_METHOD_MATCH = YES;
				CODE_SIGN_IDENTITY = "iPhone Developer";
				COPY_PHASE_STRIP = NO;
				DEBUG_INFORMATION_FORMAT = dwarf;
				ENABLE_STRICT_OBJC_MSGSEND = YES;
				ENABLE_TESTABILITY = YES;
				GCC_C_LANGUAGE_STANDARD = gnu11;
				GCC_DYNAMIC_NO_PIC = NO;
				GCC_NO_COMMON_BLOCKS = YES;
				GCC_OPTIMIZATION_LEVEL = 0;
				GCC_PREPROCESSOR_DEFINITIONS = (
					"DEBUG=1",
					"$(inherited)",
				);
				GCC_WARN_64_TO_32_BIT_CONVERSION = YES;
				GCC_WARN_ABOUT_RETURN_TYPE = YES_ERROR;
				GCC_WARN_UNDECLARED_SELECTOR = YES;
				GCC_WARN_UNINITIALIZED_AUTOS = YES_AGGRESSIVE;
				GCC_WARN_UNUSED_FUNCTION = YES;
				GCC_WARN_UNUSED_VARIABLE = YES;
				IPHONEOS_DEPLOYMENT_TARGET = 12.2;
				MTL_ENABLE_DEBUG_INFO = INCLUDE_SOURCE;
				MTL_FAST_MATH = YES;
				ONLY_ACTIVE_ARCH = YES;
				SDKROOT = iphoneos;
				SWIFT_ACTIVE_COMPILATION_CONDITIONS = DEBUG;
				SWIFT_OPTIMIZATION_LEVEL = "-Onone";
			};
			name = Debug;
		};
		42015254258BDE3500D2CB89 /* Release */ = {
			isa = XCBuildConfiguration;
			buildSettings = {
				ALWAYS_SEARCH_USER_PATHS = NO;
				CLANG_ANALYZER_NONNULL = YES;
				CLANG_ANALYZER_NUMBER_OBJECT_CONVERSION = YES_AGGRESSIVE;
				CLANG_CXX_LANGUAGE_STANDARD = "gnu++14";
				CLANG_CXX_LIBRARY = "libc++";
				CLANG_ENABLE_MODULES = YES;
				CLANG_ENABLE_OBJC_ARC = YES;
				CLANG_ENABLE_OBJC_WEAK = YES;
				CLANG_WARN_BLOCK_CAPTURE_AUTORELEASING = YES;
				CLANG_WARN_BOOL_CONVERSION = YES;
				CLANG_WARN_COMMA = YES;
				CLANG_WARN_CONSTANT_CONVERSION = YES;
				CLANG_WARN_DEPRECATED_OBJC_IMPLEMENTATIONS = YES;
				CLANG_WARN_DIRECT_OBJC_ISA_USAGE = YES_ERROR;
				CLANG_WARN_DOCUMENTATION_COMMENTS = YES;
				CLANG_WARN_EMPTY_BODY = YES;
				CLANG_WARN_ENUM_CONVERSION = YES;
				CLANG_WARN_INFINITE_RECURSION = YES;
				CLANG_WARN_INT_CONVERSION = YES;
				CLANG_WARN_NON_LITERAL_NULL_CONVERSION = YES;
				CLANG_WARN_OBJC_IMPLICIT_RETAIN_SELF = YES;
				CLANG_WARN_OBJC_LITERAL_CONVERSION = YES;
				CLANG_WARN_OBJC_ROOT_CLASS = YES_ERROR;
				CLANG_WARN_RANGE_LOOP_ANALYSIS = YES;
				CLANG_WARN_STRICT_PROTOTYPES = YES;
				CLANG_WARN_SUSPICIOUS_MOVE = YES;
				CLANG_WARN_UNGUARDED_AVAILABILITY = YES_AGGRESSIVE;
				CLANG_WARN_UNREACHABLE_CODE = YES;
				CLANG_WARN__DUPLICATE_METHOD_MATCH = YES;
				CODE_SIGN_IDENTITY = "iPhone Developer";
				COPY_PHASE_STRIP = NO;
				DEBUG_INFORMATION_FORMAT = "dwarf-with-dsym";
				ENABLE_NS_ASSERTIONS = NO;
				ENABLE_STRICT_OBJC_MSGSEND = YES;
				GCC_C_LANGUAGE_STANDARD = gnu11;
				GCC_NO_COMMON_BLOCKS = YES;
				GCC_WARN_64_TO_32_BIT_CONVERSION = YES;
				GCC_WARN_ABOUT_RETURN_TYPE = YES_ERROR;
				GCC_WARN_UNDECLARED_SELECTOR = YES;
				GCC_WARN_UNINITIALIZED_AUTOS = YES_AGGRESSIVE;
				GCC_WARN_UNUSED_FUNCTION = YES;
				GCC_WARN_UNUSED_VARIABLE = YES;
				IPHONEOS_DEPLOYMENT_TARGET = 12.2;
				MTL_ENABLE_DEBUG_INFO = NO;
				MTL_FAST_MATH = YES;
				SDKROOT = iphoneos;
				SWIFT_COMPILATION_MODE = wholemodule;
				SWIFT_OPTIMIZATION_LEVEL = "-O";
				VALIDATE_PRODUCT = YES;
			};
			name = Release;
		};
		42015256258BDE3500D2CB89 /* Debug */ = {
			isa = XCBuildConfiguration;
			buildSettings = {
				ASSETCATALOG_COMPILER_APPICON_NAME = AppIcon;
				CODE_SIGN_STYLE = Automatic;
				DEVELOPMENT_TEAM = Q9L3Y72URW;
				INFOPLIST_FILE = SideBarMenu/Info.plist;
				LD_RUNPATH_SEARCH_PATHS = (
					"$(inherited)",
					"@executable_path/Frameworks",
				);
				PRODUCT_BUNDLE_IDENTIFIER = rodriguez.com.SideBarMenu;
				PRODUCT_NAME = "$(TARGET_NAME)";
				SWIFT_VERSION = 5.0;
				TARGETED_DEVICE_FAMILY = "1,2";
			};
			name = Debug;
		};
		42015257258BDE3500D2CB89 /* Release */ = {
			isa = XCBuildConfiguration;
			buildSettings = {
				ASSETCATALOG_COMPILER_APPICON_NAME = AppIcon;
				CODE_SIGN_STYLE = Automatic;
				DEVELOPMENT_TEAM = Q9L3Y72URW;
				INFOPLIST_FILE = SideBarMenu/Info.plist;
				LD_RUNPATH_SEARCH_PATHS = (
					"$(inherited)",
					"@executable_path/Frameworks",
				);
				PRODUCT_BUNDLE_IDENTIFIER = rodriguez.com.SideBarMenu;
				PRODUCT_NAME = "$(TARGET_NAME)";
				SWIFT_VERSION = 5.0;
				TARGETED_DEVICE_FAMILY = "1,2";
			};
			name = Release;
		};
/* End XCBuildConfiguration section */

/* Begin XCConfigurationList section */
		4201523E258BDE3300D2CB89 /* Build configuration list for PBXProject "SideBarMenu" */ = {
			isa = XCConfigurationList;
			buildConfigurations = (
				42015253258BDE3500D2CB89 /* Debug */,
				42015254258BDE3500D2CB89 /* Release */,
			);
			defaultConfigurationIsVisible = 0;
			defaultConfigurationName = Release;
		};
		42015255258BDE3500D2CB89 /* Build configuration list for PBXNativeTarget "SideBarMenu" */ = {
			isa = XCConfigurationList;
			buildConfigurations = (
				42015256258BDE3500D2CB89 /* Debug */,
				42015257258BDE3500D2CB89 /* Release */,
			);
			defaultConfigurationIsVisible = 0;
			defaultConfigurationName = Release;
		};
/* End XCConfigurationList section */
	};
	rootObject = 4201523B258BDE3300D2CB89 /* Project object */;
}
